
Microsoft Visual Studio Solution File, Format Version 12.00
# Visual Studio 15
VisualStudioVersion = 15.0.28307.421
MinimumVisualStudioVersion = 10.0.40219.1
Project("{8BC9CEB8-8B4A-11D0-8D11-00A0C91BC942}") = "Dll_C_SampleForUnity", "Dll_C_SampleForUnity\Dll_C_SampleForUnity.vcxproj", "{BF834B0B-32B0-4157-AEE8-A7241DE34335}"
EndProject
Global
	GlobalSection(SolutionConfigurationPlatforms) = preSolution
		Debug|x64 = Debug|x64
		Debug|x86 = Debug|x86
		Release|x64 = Release|x64
		Release|x86 = Release|x86
	EndGlobalSection
	GlobalSection(ProjectConfigurationPlatforms) = postSolution
		{BF834B0B-32B0-4157-AEE8-A7241DE34335}.Debug|x64.ActiveCfg = Debug|x64
		{BF834B0B-32B0-4157-AEE8-A7241DE34335}.Debug|x64.Build.0 = Debug|x64
		{BF834B0B-32B0-4157-AEE8-A7241DE34335}.Debug|x86.ActiveCfg = Debug|Win32
		{BF834B0B-32B0-4157-AEE8-A7241DE34335}.Debug|x86.Build.0 = Debug|Win32
		{BF834B0B-32B0-4157-AEE8-A7241DE34335}.Release|x64.ActiveCfg = Release|x64
		{BF834B0B-32B0-4157-AEE8-A7241DE34335}.Release|x64.Build.0 = Release|x64
		{BF834B0B-32B0-4157-AEE8-A7241DE34335}.Release|x86.ActiveCfg = Release|Win32
		{BF834B0B-32B0-4157-AEE8-A7241DE34335}.Release|x86.Build.0 = Release|Win32
	EndGlobalSection
	GlobalSection(SolutionProperties) = preSolution
		HideSolutionNode = FALSE
	EndGlobalSection
	GlobalSection(ExtensibilityGlobals) = postSolution
		SolutionGuid = {27E71619-6E8A-4F69-9B51-1CEF6F88F239}
	EndGlobalSection
EndGlobal
